
Microsoft Visual Studio Solution File, Format Version 12.00
# Visual Studio 14
VisualStudioVersion = 14.0.25420.1
MinimumVisualStudioVersion = 10.0.40219.1
Project("{FAE04EC0-301F-11D3-BF4B-00C04F79EFBC}") = "JustGivingSDK", "JustGivingSDK\JustGivingSDK.csproj", "{FF99C642-FDF8-4FB0-AFA6-E6F8E513BE28}"
EndProject
Project("{2150E333-8FDC-42A3-9474-1A3956D46DE8}") = "Tests", "Tests", "{088D3F38-5DD4-4BAB-A5F6-6B9516167978}"
EndProject
Project("{2150E333-8FDC-42A3-9474-1A3956D46DE8}") = "Samples", "Samples", "{614A6420-9085-441B-8A78-707769786990}"
EndProject
Project("{FAE04EC0-301F-11D3-BF4B-00C04F79EFBC}") = "SampleClient", "SampleClient\SampleClient.csproj", "{EB22EFDB-4BAC-41BB-A511-0676C634DB7B}"
EndProject
Global
	GlobalSection(SolutionConfigurationPlatforms) = preSolution
		Debug|Any CPU = Debug|Any CPU
		Release|Any CPU = Release|Any CPU
	EndGlobalSection
	GlobalSection(ProjectConfigurationPlatforms) = postSolution
		{FF99C642-FDF8-4FB0-AFA6-E6F8E513BE28}.Debug|Any CPU.ActiveCfg = Debug|Any CPU
		{FF99C642-FDF8-4FB0-AFA6-E6F8E513BE28}.Debug|Any CPU.Build.0 = Debug|Any CPU
		{FF99C642-FDF8-4FB0-AFA6-E6F8E513BE28}.Release|Any CPU.ActiveCfg = Release|Any CPU
		{FF99C642-FDF8-4FB0-AFA6-E6F8E513BE28}.Release|Any CPU.Build.0 = Release|Any CPU
		{EB22EFDB-4BAC-41BB-A511-0676C634DB7B}.Debug|Any CPU.ActiveCfg = Debug|Any CPU
		{EB22EFDB-4BAC-41BB-A511-0676C634DB7B}.Debug|Any CPU.Build.0 = Debug|Any CPU
		{EB22EFDB-4BAC-41BB-A511-0676C634DB7B}.Release|Any CPU.ActiveCfg = Release|Any CPU
		{EB22EFDB-4BAC-41BB-A511-0676C634DB7B}.Release|Any CPU.Build.0 = Release|Any CPU
	EndGlobalSection
	GlobalSection(SolutionProperties) = preSolution
		HideSolutionNode = FALSE
	EndGlobalSection
	GlobalSection(NestedProjects) = preSolution
		{EB22EFDB-4BAC-41BB-A511-0676C634DB7B} = {614A6420-9085-441B-8A78-707769786990}
	EndGlobalSection
EndGlobal
